// !$*UTF8*$!
{
	archiveVersion = 1;
	classes = {
	};
	objectVersion = 77;
	objects = {

/* Begin PBXBuildFile section */
		AF2B20412E4E6BB2004C142D /* FirebaseAI in Frameworks */ = {isa = PBXBuildFile; productRef = AF2B20402E4E6BB2004C142D /* FirebaseAI */; };
		AF2B20432E4E6BB2004C142D /* FirebaseAnalytics in Frameworks */ = {isa = PBXBuildFile; productRef = AF2B20422E4E6BB2004C142D /* FirebaseAnalytics */; };
		AF2B20452E4E6BB2004C142D /* FirebaseAnalyticsCore in Frameworks */ = {isa = PBXBuildFile; productRef = AF2B20442E4E6BB2004C142D /* FirebaseAnalyticsCore */; };
		AF2B20472E4E6BB2004C142D /* FirebaseAnalyticsIdentitySupport in Frameworks */ = {isa = PBXBuildFile; productRef = AF2B20462E4E6BB2004C142D /* FirebaseAnalyticsIdentitySupport */; };
		AF2B20492E4E6BB2004C142D /* FirebaseAppCheck in Frameworks */ = {isa = PBXBuildFile; productRef = AF2B20482E4E6BB2004C142D /* FirebaseAppCheck */; };
		AF2B204B2E4E6BB2004C142D /* FirebaseAppDistribution-Beta in Frameworks */ = {isa = PBXBuildFile; productRef = AF2B204A2E4E6BB2004C142D /* FirebaseAppDistribution-Beta */; };
		AF2B204D2E4E6BB2004C142D /* FirebaseAuth in Frameworks */ = {isa = PBXBuildFile; productRef = AF2B204C2E4E6BB2004C142D /* FirebaseAuth */; };
		AF2B204F2E4E6BB2004C142D /* FirebaseAuthCombine-Community in Frameworks */ = {isa = PBXBuildFile; productRef = AF2B204E2E4E6BB2004C142D /* FirebaseAuthCombine-Community */; };
		AF2B20512E4E6BB2004C142D /* FirebaseCore in Frameworks */ = {isa = PBXBuildFile; productRef = AF2B20502E4E6BB2004C142D /* FirebaseCore */; };
		AF2B20532E4E6BB2004C142D /* FirebaseCrashlytics in Frameworks */ = {isa = PBXBuildFile; productRef = AF2B20522E4E6BB2004C142D /* FirebaseCrashlytics */; };
		AF2B20552E4E6BB2004C142D /* FirebaseDatabase in Frameworks */ = {isa = PBXBuildFile; productRef = AF2B20542E4E6BB2004C142D /* FirebaseDatabase */; };
		AF2B20572E4E6BB2004C142D /* FirebaseFirestore in Frameworks */ = {isa = PBXBuildFile; productRef = AF2B20562E4E6BB2004C142D /* FirebaseFirestore */; };
		AF2B20592E4E6BB2004C142D /* FirebaseFirestoreCombine-Community in Frameworks */ = {isa = PBXBuildFile; productRef = AF2B20582E4E6BB2004C142D /* FirebaseFirestoreCombine-Community */; };
		AF2B205B2E4E6BB2004C142D /* FirebaseFunctions in Frameworks */ = {isa = PBXBuildFile; productRef = AF2B205A2E4E6BB2004C142D /* FirebaseFunctions */; };
		AF2B205D2E4E6BB2004C142D /* FirebaseFunctionsCombine-Community in Frameworks */ = {isa = PBXBuildFile; productRef = AF2B205C2E4E6BB2004C142D /* FirebaseFunctionsCombine-Community */; };
		AF2B205F2E4E6BB2004C142D /* FirebaseInAppMessaging-Beta in Frameworks */ = {isa = PBXBuildFile; productRef = AF2B205E2E4E6BB2004C142D /* FirebaseInAppMessaging-Beta */; };
		AF2B20612E4E6BB2004C142D /* FirebaseInstallations in Frameworks */ = {isa = PBXBuildFile; productRef = AF2B20602E4E6BB2004C142D /* FirebaseInstallations */; };
		AF2B20632E4E6BB2004C142D /* FirebaseMLModelDownloader in Frameworks */ = {isa = PBXBuildFile; productRef = AF2B20622E4E6BB2004C142D /* FirebaseMLModelDownloader */; };
		AF2B20652E4E6BB2004C142D /* FirebaseMessaging in Frameworks */ = {isa = PBXBuildFile; productRef = AF2B20642E4E6BB2004C142D /* FirebaseMessaging */; };
		AF2B20672E4E6BB2004C142D /* FirebasePerformance in Frameworks */ = {isa = PBXBuildFile; productRef = AF2B20662E4E6BB2004C142D /* FirebasePerformance */; };
		AF2B20692E4E6BB2004C142D /* FirebaseRemoteConfig in Frameworks */ = {isa = PBXBuildFile; productRef = AF2B20682E4E6BB2004C142D /* FirebaseRemoteConfig */; };
		AF2B206B2E4E6BB2004C142D /* FirebaseStorage in Frameworks */ = {isa = PBXBuildFile; productRef = AF2B206A2E4E6BB2004C142D /* FirebaseStorage */; };
		AF2B206D2E4E6BB2004C142D /* FirebaseStorageCombine-Community in Frameworks */ = {isa = PBXBuildFile; productRef = AF2B206C2E4E6BB2004C142D /* FirebaseStorageCombine-Community */; };
/* End PBXBuildFile section */

/* Begin PBXContainerItemProxy section */
		AF2B201F2E427806004C142D /* PBXContainerItemProxy */ = {
			isa = PBXContainerItemProxy;
			containerPortal = AF2B20032E427804004C142D /* Project object */;
			proxyType = 1;
			remoteGlobalIDString = AF2B200A2E427804004C142D;
			remoteInfo = FigmaProject;
		};
		AF2B20292E427806004C142D /* PBXContainerItemProxy */ = {
			isa = PBXContainerItemProxy;
			containerPortal = AF2B20032E427804004C142D /* Project object */;
			proxyType = 1;
			remoteGlobalIDString = AF2B200A2E427804004C142D;
			remoteInfo = FigmaProject;
		};
/* End PBXContainerItemProxy section */

/* Begin PBXFileReference section */
		AF2B200B2E427804004C142D /* FigmaProject.app */ = {isa = PBXFileReference; explicitFileType = wrapper.application; includeInIndex = 0; path = FigmaProject.app; sourceTree = BUILT_PRODUCTS_DIR; };
		AF2B201E2E427806004C142D /* FigmaProjectTests.xctest */ = {isa = PBXFileReference; explicitFileType = wrapper.cfbundle; includeInIndex = 0; path = FigmaProjectTests.xctest; sourceTree = BUILT_PRODUCTS_DIR; };
		AF2B20282E427806004C142D /* FigmaProjectUITests.xctest */ = {isa = PBXFileReference; explicitFileType = wrapper.cfbundle; includeInIndex = 0; path = FigmaProjectUITests.xctest; sourceTree = BUILT_PRODUCTS_DIR; };
/* End PBXFileReference section */

/* Begin PBXFileSystemSynchronizedBuildFileExceptionSet section */
		AF2B20F12E658D59004C142D /* Exceptions for "FigmaProject" folder in "FigmaProject" target */ = {
			isa = PBXFileSystemSynchronizedBuildFileExceptionSet;
			membershipExceptions = (
				Info.plist,
			);
			target = AF2B200A2E427804004C142D /* FigmaProject */;
		};
/* End PBXFileSystemSynchronizedBuildFileExceptionSet section */

/* Begin PBXFileSystemSynchronizedRootGroup section */
		AF2B200D2E427804004C142D /* FigmaProject */ = {
			isa = PBXFileSystemSynchronizedRootGroup;
			exceptions = (
				AF2B20F12E658D59004C142D /* Exceptions for "FigmaProject" folder in "FigmaProject" target */,
			);
			path = FigmaProject;
			sourceTree = "<group>";
		};
		AF2B20212E427806004C142D /* FigmaProjectTests */ = {
			isa = PBXFileSystemSynchronizedRootGroup;
			path = FigmaProjectTests;
			sourceTree = "<group>";
		};
		AF2B202B2E427806004C142D /* FigmaProjectUITests */ = {
			isa = PBXFileSystemSynchronizedRootGroup;
			path = FigmaProjectUITests;
			sourceTree = "<group>";
		};
/* End PBXFileSystemSynchronizedRootGroup section */

/* Begin PBXFrameworksBuildPhase section */
		AF2B20082E427804004C142D /* Frameworks */ = {
			isa = PBXFrameworksBuildPhase;
			buildActionMask = 2147483647;
			files = (
				AF2B20592E4E6BB2004C142D /* FirebaseFirestoreCombine-Community in Frameworks */,
				AF2B205B2E4E6BB2004C142D /* FirebaseFunctions in Frameworks */,
				AF2B20672E4E6BB2004C142D /* FirebasePerformance in Frameworks */,
				AF2B206D2E4E6BB2004C142D /* FirebaseStorageCombine-Community in Frameworks */,
				AF2B20692E4E6BB2004C142D /* FirebaseRemoteConfig in Frameworks */,
				AF2B20472E4E6BB2004C142D /* FirebaseAnalyticsIdentitySupport in Frameworks */,
				AF2B20432E4E6BB2004C142D /* FirebaseAnalytics in Frameworks */,
				AF2B20452E4E6BB2004C142D /* FirebaseAnalyticsCore in Frameworks */,
				AF2B20492E4E6BB2004C142D /* FirebaseAppCheck in Frameworks */,
				AF2B20412E4E6BB2004C142D /* FirebaseAI in Frameworks */,
				AF2B20572E4E6BB2004C142D /* FirebaseFirestore in Frameworks */,
				AF2B20652E4E6BB2004C142D /* FirebaseMessaging in Frameworks */,
				AF2B20612E4E6BB2004C142D /* FirebaseInstallations in Frameworks */,
				AF2B205D2E4E6BB2004C142D /* FirebaseFunctionsCombine-Community in Frameworks */,
				AF2B204D2E4E6BB2004C142D /* FirebaseAuth in Frameworks */,
				AF2B204B2E4E6BB2004C142D /* FirebaseAppDistribution-Beta in Frameworks */,
				AF2B205F2E4E6BB2004C142D /* FirebaseInAppMessaging-Beta in Frameworks */,
				AF2B20532E4E6BB2004C142D /* FirebaseCrashlytics in Frameworks */,
				AF2B20552E4E6BB2004C142D /* FirebaseDatabase in Frameworks */,
				AF2B20632E4E6BB2004C142D /* FirebaseMLModelDownloader in Frameworks */,
				AF2B206B2E4E6BB2004C142D /* FirebaseStorage in Frameworks */,
				AF2B20512E4E6BB2004C142D /* FirebaseCore in Frameworks */,
				AF2B204F2E4E6BB2004C142D /* FirebaseAuthCombine-Community in Frameworks */,
			);
			runOnlyForDeploymentPostprocessing = 0;
		};
		AF2B201B2E427806004C142D /* Frameworks */ = {
			isa = PBXFrameworksBuildPhase;
			buildActionMask = 2147483647;
			files = (
			);
			runOnlyForDeploymentPostprocessing = 0;
		};
		AF2B20252E427806004C142D /* Frameworks */ = {
			isa = PBXFrameworksBuildPhase;
			buildActionMask = 2147483647;
			files = (
			);
			runOnlyForDeploymentPostprocessing = 0;
		};
/* End PBXFrameworksBuildPhase section */

/* Begin PBXGroup section */
		AF2B20022E427804004C142D = {
			isa = PBXGroup;
			children = (
				AF2B200D2E427804004C142D /* FigmaProject */,
				AF2B20212E427806004C142D /* FigmaProjectTests */,
				AF2B202B2E427806004C142D /* FigmaProjectUITests */,
				AF2B200C2E427804004C142D /* Products */,
			);
			sourceTree = "<group>";
		};
		AF2B200C2E427804004C142D /* Products */ = {
			isa = PBXGroup;
			children = (
				AF2B200B2E427804004C142D /* FigmaProject.app */,
				AF2B201E2E427806004C142D /* FigmaProjectTests.xctest */,
				AF2B20282E427806004C142D /* FigmaProjectUITests.xctest */,
			);
			name = Products;
			sourceTree = "<group>";
		};
/* End PBXGroup section */

/* Begin PBXNativeTarget section */
		AF2B200A2E427804004C142D /* FigmaProject */ = {
			isa = PBXNativeTarget;
			buildConfigurationList = AF2B20322E427806004C142D /* Build configuration list for PBXNativeTarget "FigmaProject" */;
			buildPhases = (
				AF2B20072E427804004C142D /* Sources */,
				AF2B20082E427804004C142D /* Frameworks */,
				AF2B20092E427804004C142D /* Resources */,
			);
			buildRules = (
			);
			dependencies = (
			);
			fileSystemSynchronizedGroups = (
				AF2B200D2E427804004C142D /* FigmaProject */,
			);
			name = FigmaProject;
			packageProductDependencies = (
				AF2B20402E4E6BB2004C142D /* FirebaseAI */,
				AF2B20422E4E6BB2004C142D /* FirebaseAnalytics */,
				AF2B20442E4E6BB2004C142D /* FirebaseAnalyticsCore */,
				AF2B20462E4E6BB2004C142D /* FirebaseAnalyticsIdentitySupport */,
				AF2B20482E4E6BB2004C142D /* FirebaseAppCheck */,
				AF2B204A2E4E6BB2004C142D /* FirebaseAppDistribution-Beta */,
				AF2B204C2E4E6BB2004C142D /* FirebaseAuth */,
				AF2B204E2E4E6BB2004C142D /* FirebaseAuthCombine-Community */,
				AF2B20502E4E6BB2004C142D /* FirebaseCore */,
				AF2B20522E4E6BB2004C142D /* FirebaseCrashlytics */,
				AF2B20542E4E6BB2004C142D /* FirebaseDatabase */,
				AF2B20562E4E6BB2004C142D /* FirebaseFirestore */,
				AF2B20582E4E6BB2004C142D /* FirebaseFirestoreCombine-Community */,
				AF2B205A2E4E6BB2004C142D /* FirebaseFunctions */,
				AF2B205C2E4E6BB2004C142D /* FirebaseFunctionsCombine-Community */,
				AF2B205E2E4E6BB2004C142D /* FirebaseInAppMessaging-Beta */,
				AF2B20602E4E6BB2004C142D /* FirebaseInstallations */,
				AF2B20622E4E6BB2004C142D /* FirebaseMLModelDownloader */,
				AF2B20642E4E6BB2004C142D /* FirebaseMessaging */,
				AF2B20662E4E6BB2004C142D /* FirebasePerformance */,
				AF2B20682E4E6BB2004C142D /* FirebaseRemoteConfig */,
				AF2B206A2E4E6BB2004C142D /* FirebaseStorage */,
				AF2B206C2E4E6BB2004C142D /* FirebaseStorageCombine-Community */,
			);
			productName = FigmaProject;
			productReference = AF2B200B2E427804004C142D /* FigmaProject.app */;
			productType = "com.apple.product-type.application";
		};
		AF2B201D2E427806004C142D /* FigmaProjectTests */ = {
			isa = PBXNativeTarget;
			buildConfigurationList = AF2B20352E427806004C142D /* Build configuration list for PBXNativeTarget "FigmaProjectTests" */;
			buildPhases = (
				AF2B201A2E427806004C142D /* Sources */,
				AF2B201B2E427806004C142D /* Frameworks */,
				AF2B201C2E427806004C142D /* Resources */,
			);
			buildRules = (
			);
			dependencies = (
				AF2B20202E427806004C142D /* PBXTargetDependency */,
			);
			fileSystemSynchronizedGroups = (
				AF2B20212E427806004C142D /* FigmaProjectTests */,
			);
			name = FigmaProjectTests;
			packageProductDependencies = (
			);
			productName = FigmaProjectTests;
			productReference = AF2B201E2E427806004C142D /* FigmaProjectTests.xctest */;
			productType = "com.apple.product-type.bundle.unit-test";
		};
		AF2B20272E427806004C142D /* FigmaProjectUITests */ = {
			isa = PBXNativeTarget;
			buildConfigurationList = AF2B20382E427806004C142D /* Build configuration list for PBXNativeTarget "FigmaProjectUITests" */;
			buildPhases = (
				AF2B20242E427806004C142D /* Sources */,
				AF2B20252E427806004C142D /* Frameworks */,
				AF2B20262E427806004C142D /* Resources */,
			);
			buildRules = (
			);
			dependencies = (
				AF2B202A2E427806004C142D /* PBXTargetDependency */,
			);
			fileSystemSynchronizedGroups = (
				AF2B202B2E427806004C142D /* FigmaProjectUITests */,
			);
			name = FigmaProjectUITests;
			packageProductDependencies = (
			);
			productName = FigmaProjectUITests;
			productReference = AF2B20282E427806004C142D /* FigmaProjectUITests.xctest */;
			productType = "com.apple.product-type.bundle.ui-testing";
		};
/* End PBXNativeTarget section */

/* Begin PBXProject section */
		AF2B20032E427804004C142D /* Project object */ = {
			isa = PBXProject;
			attributes = {
				BuildIndependentTargetsInParallel = 1;
				LastSwiftUpdateCheck = 1640;
				LastUpgradeCheck = 1640;
				TargetAttributes = {
					AF2B200A2E427804004C142D = {
						CreatedOnToolsVersion = 16.4;
					};
					AF2B201D2E427806004C142D = {
						CreatedOnToolsVersion = 16.4;
						TestTargetID = AF2B200A2E427804004C142D;
					};
					AF2B20272E427806004C142D = {
						CreatedOnToolsVersion = 16.4;
						TestTargetID = AF2B200A2E427804004C142D;
					};
				};
			};
			buildConfigurationList = AF2B20062E427804004C142D /* Build configuration list for PBXProject "FigmaProject" */;
			developmentRegion = en;
			hasScannedForEncodings = 0;
			knownRegions = (
				en,
				Base,
			);
			mainGroup = AF2B20022E427804004C142D;
			minimizedProjectReferenceProxies = 1;
			packageReferences = (
				AF2B203F2E4E6BB2004C142D /* XCRemoteSwiftPackageReference "firebase-ios-sdk" */,
			);
			preferredProjectObjectVersion = 77;
			productRefGroup = AF2B200C2E427804004C142D /* Products */;
			projectDirPath = "";
			projectRoot = "";
			targets = (
				AF2B200A2E427804004C142D /* FigmaProject */,
				AF2B201D2E427806004C142D /* FigmaProjectTests */,
				AF2B20272E427806004C142D /* FigmaProjectUITests */,
			);
		};
/* End PBXProject section */

/* Begin PBXResourcesBuildPhase section */
		AF2B20092E427804004C142D /* Resources */ = {
			isa = PBXResourcesBuildPhase;
			buildActionMask = 2147483647;
			files = (
			);
			runOnlyForDeploymentPostprocessing = 0;
		};
		AF2B201C2E427806004C142D /* Resources */ = {
			isa = PBXResourcesBuildPhase;
			buildActionMask = 2147483647;
			files = (
			);
			runOnlyForDeploymentPostprocessing = 0;
		};
		AF2B20262E427806004C142D /* Resources */ = {
			isa = PBXResourcesBuildPhase;
			buildActionMask = 2147483647;
			files = (
			);
			runOnlyForDeploymentPostprocessing = 0;
		};
/* End PBXResourcesBuildPhase section */

/* Begin PBXSourcesBuildPhase section */
		AF2B20072E427804004C142D /* Sources */ = {
			isa = PBXSourcesBuildPhase;
			buildActionMask = 2147483647;
			files = (
			);
			runOnlyForDeploymentPostprocessing = 0;
		};
		AF2B201A2E427806004C142D /* Sources */ = {
			isa = PBXSourcesBuildPhase;
			buildActionMask = 2147483647;
			files = (
			);
			runOnlyForDeploymentPostprocessing = 0;
		};
		AF2B20242E427806004C142D /* Sources */ = {
			isa = PBXSourcesBuildPhase;
			buildActionMask = 2147483647;
			files = (
			);
			runOnlyForDeploymentPostprocessing = 0;
		};
/* End PBXSourcesBuildPhase section */

/* Begin PBXTargetDependency section */
		AF2B20202E427806004C142D /* PBXTargetDependency */ = {
			isa = PBXTargetDependency;
			target = AF2B200A2E427804004C142D /* FigmaProject */;
			targetProxy = AF2B201F2E427806004C142D /* PBXContainerItemProxy */;
		};
		AF2B202A2E427806004C142D /* PBXTargetDependency */ = {
			isa = PBXTargetDependency;
			target = AF2B200A2E427804004C142D /* FigmaProject */;
			targetProxy = AF2B20292E427806004C142D /* PBXContainerItemProxy */;
		};
/* End PBXTargetDependency section */

/* Begin XCBuildConfiguration section */
		AF2B20302E427806004C142D /* Debug */ = {
			isa = XCBuildConfiguration;
			buildSettings = {
				ALWAYS_SEARCH_USER_PATHS = NO;
				ASSETCATALOG_COMPILER_GENERATE_SWIFT_ASSET_SYMBOL_EXTENSIONS = YES;
				CLANG_ANALYZER_NONNULL = YES;
				CLANG_ANALYZER_NUMBER_OBJECT_CONVERSION = YES_AGGRESSIVE;
				CLANG_CXX_LANGUAGE_STANDARD = "gnu++20";
				CLANG_ENABLE_MODULES = YES;
				CLANG_ENABLE_OBJC_ARC = YES;
				CLANG_ENABLE_OBJC_WEAK = YES;
				CLANG_WARN_BLOCK_CAPTURE_AUTORELEASING = YES;
				CLANG_WARN_BOOL_CONVERSION = YES;
				CLANG_WARN_COMMA = YES;
				CLANG_WARN_CONSTANT_CONVERSION = YES;
				CLANG_WARN_DEPRECATED_OBJC_IMPLEMENTATIONS = YES;
				CLANG_WARN_DIRECT_OBJC_ISA_USAGE = YES_ERROR;
				CLANG_WARN_DOCUMENTATION_COMMENTS = YES;
				CLANG_WARN_EMPTY_BODY = YES;
				CLANG_WARN_ENUM_CONVERSION = YES;
				CLANG_WARN_INFINITE_RECURSION = YES;
				CLANG_WARN_INT_CONVERSION = YES;
				CLANG_WARN_NON_LITERAL_NULL_CONVERSION = YES;
				CLANG_WARN_OBJC_IMPLICIT_RETAIN_SELF = YES;
				CLANG_WARN_OBJC_LITERAL_CONVERSION = YES;
				CLANG_WARN_OBJC_ROOT_CLASS = YES_ERROR;
				CLANG_WARN_QUOTED_INCLUDE_IN_FRAMEWORK_HEADER = YES;
				CLANG_WARN_RANGE_LOOP_ANALYSIS = YES;
				CLANG_WARN_STRICT_PROTOTYPES = YES;
				CLANG_WARN_SUSPICIOUS_MOVE = YES;
				CLANG_WARN_UNGUARDED_AVAILABILITY = YES_AGGRESSIVE;
				CLANG_WARN_UNREACHABLE_CODE = YES;
				CLANG_WARN__DUPLICATE_METHOD_MATCH = YES;
				COPY_PHASE_STRIP = NO;
				DEBUG_INFORMATION_FORMAT = dwarf;
				ENABLE_STRICT_OBJC_MSGSEND = YES;
				ENABLE_TESTABILITY = YES;
				ENABLE_USER_SCRIPT_SANDBOXING = YES;
				GCC_C_LANGUAGE_STANDARD = gnu17;
				GCC_DYNAMIC_NO_PIC = NO;
				GCC_NO_COMMON_BLOCKS = YES;
				GCC_OPTIMIZATION_LEVEL = 0;
				GCC_PREPROCESSOR_DEFINITIONS = (
					"DEBUG=1",
					"$(inherited)",
				);
				GCC_WARN_64_TO_32_BIT_CONVERSION = YES;
				GCC_WARN_ABOUT_RETURN_TYPE = YES_ERROR;
				GCC_WARN_UNDECLARED_SELECTOR = YES;
				GCC_WARN_UNINITIALIZED_AUTOS = YES_AGGRESSIVE;
				GCC_WARN_UNUSED_FUNCTION = YES;
				GCC_WARN_UNUSED_VARIABLE = YES;
				LOCALIZATION_PREFERS_STRING_CATALOGS = YES;
				MTL_ENABLE_DEBUG_INFO = INCLUDE_SOURCE;
				MTL_FAST_MATH = YES;
				ONLY_ACTIVE_ARCH = YES;
				SWIFT_ACTIVE_COMPILATION_CONDITIONS = "DEBUG $(inherited)";
				SWIFT_OPTIMIZATION_LEVEL = "-Onone";
			};
			name = Debug;
		};
		AF2B20312E427806004C142D /* Release */ = {
			isa = XCBuildConfiguration;
			buildSettings = {
				ALWAYS_SEARCH_USER_PATHS = NO;
				ASSETCATALOG_COMPILER_GENERATE_SWIFT_ASSET_SYMBOL_EXTENSIONS = YES;
				CLANG_ANALYZER_NONNULL = YES;
				CLANG_ANALYZER_NUMBER_OBJECT_CONVERSION = YES_AGGRESSIVE;
				CLANG_CXX_LANGUAGE_STANDARD = "gnu++20";
				CLANG_ENABLE_MODULES = YES;
				CLANG_ENABLE_OBJC_ARC = YES;
				CLANG_ENABLE_OBJC_WEAK = YES;
				CLANG_WARN_BLOCK_CAPTURE_AUTORELEASING = YES;
				CLANG_WARN_BOOL_CONVERSION = YES;
				CLANG_WARN_COMMA = YES;
				CLANG_WARN_CONSTANT_CONVERSION = YES;
				CLANG_WARN_DEPRECATED_OBJC_IMPLEMENTATIONS = YES;
				CLANG_WARN_DIRECT_OBJC_ISA_USAGE = YES_ERROR;
				CLANG_WARN_DOCUMENTATION_COMMENTS = YES;
				CLANG_WARN_EMPTY_BODY = YES;
				CLANG_WARN_ENUM_CONVERSION = YES;
				CLANG_WARN_INFINITE_RECURSION = YES;
				CLANG_WARN_INT_CONVERSION = YES;
				CLANG_WARN_NON_LITERAL_NULL_CONVERSION = YES;
				CLANG_WARN_OBJC_IMPLICIT_RETAIN_SELF = YES;
				CLANG_WARN_OBJC_LITERAL_CONVERSION = YES;
				CLANG_WARN_OBJC_ROOT_CLASS = YES_ERROR;
				CLANG_WARN_QUOTED_INCLUDE_IN_FRAMEWORK_HEADER = YES;
				CLANG_WARN_RANGE_LOOP_ANALYSIS = YES;
				CLANG_WARN_STRICT_PROTOTYPES = YES;
				CLANG_WARN_SUSPICIOUS_MOVE = YES;
				CLANG_WARN_UNGUARDED_AVAILABILITY = YES_AGGRESSIVE;
				CLANG_WARN_UNREACHABLE_CODE = YES;
				CLANG_WARN__DUPLICATE_METHOD_MATCH = YES;
				COPY_PHASE_STRIP = NO;
				DEBUG_INFORMATION_FORMAT = "dwarf-with-dsym";
				ENABLE_NS_ASSERTIONS = NO;
				ENABLE_STRICT_OBJC_MSGSEND = YES;
				ENABLE_USER_SCRIPT_SANDBOXING = YES;
				GCC_C_LANGUAGE_STANDARD = gnu17;
				GCC_NO_COMMON_BLOCKS = YES;
				GCC_WARN_64_TO_32_BIT_CONVERSION = YES;
				GCC_WARN_ABOUT_RETURN_TYPE = YES_ERROR;
				GCC_WARN_UNDECLARED_SELECTOR = YES;
				GCC_WARN_UNINITIALIZED_AUTOS = YES_AGGRESSIVE;
				GCC_WARN_UNUSED_FUNCTION = YES;
				GCC_WARN_UNUSED_VARIABLE = YES;
				LOCALIZATION_PREFERS_STRING_CATALOGS = YES;
				MTL_ENABLE_DEBUG_INFO = NO;
				MTL_FAST_MATH = YES;
				SWIFT_COMPILATION_MODE = wholemodule;
			};
			name = Release;
		};
		AF2B20332E427806004C142D /* Debug */ = {
			isa = XCBuildConfiguration;
			buildSettings = {
				ASSETCATALOG_COMPILER_APPICON_NAME = AppIcon;
				ASSETCATALOG_COMPILER_GLOBAL_ACCENT_COLOR_NAME = AccentColor;
				CODE_SIGN_ENTITLEMENTS = FigmaProject/FigmaProject.entitlements;
				CODE_SIGN_STYLE = Automatic;
				CURRENT_PROJECT_VERSION = 1;
				ENABLE_PREVIEWS = YES;
				GENERATE_INFOPLIST_FILE = YES;
				INFOPLIST_FILE = FigmaProject/Info.plist;
				"INFOPLIST_KEY_UIApplicationSceneManifest_Generation[sdk=iphoneos*]" = YES;
				"INFOPLIST_KEY_UIApplicationSceneManifest_Generation[sdk=iphonesimulator*]" = YES;
				"INFOPLIST_KEY_UIApplicationSupportsIndirectInputEvents[sdk=iphoneos*]" = YES;
				"INFOPLIST_KEY_UIApplicationSupportsIndirectInputEvents[sdk=iphonesimulator*]" = YES;
				"INFOPLIST_KEY_UILaunchScreen_Generation[sdk=iphoneos*]" = YES;
				"INFOPLIST_KEY_UILaunchScreen_Generation[sdk=iphonesimulator*]" = YES;
				"INFOPLIST_KEY_UIStatusBarStyle[sdk=iphoneos*]" = UIStatusBarStyleDefault;
				"INFOPLIST_KEY_UIStatusBarStyle[sdk=iphonesimulator*]" = UIStatusBarStyleDefault;
				INFOPLIST_KEY_UISupportedInterfaceOrientations_iPad = "UIInterfaceOrientationPortrait UIInterfaceOrientationPortraitUpsideDown UIInterfaceOrientationLandscapeLeft UIInterfaceOrientationLandscapeRight";
				INFOPLIST_KEY_UISupportedInterfaceOrientations_iPhone = "UIInterfaceOrientationPortrait UIInterfaceOrientationLandscapeLeft UIInterfaceOrientationLandscapeRight";
				IPHONEOS_DEPLOYMENT_TARGET = 18.5;
				LD_RUNPATH_SEARCH_PATHS = "@executable_path/Frameworks";
				"LD_RUNPATH_SEARCH_PATHS[sdk=macosx*]" = "@executable_path/../Frameworks";
				MACOSX_DEPLOYMENT_TARGET = 15.5;
				MARKETING_VERSION = 1.0;
				PRODUCT_BUNDLE_IDENTIFIER = sarpugrasiz.FigmaProject;
				PRODUCT_NAME = "$(TARGET_NAME)";
				REGISTER_APP_GROUPS = YES;
				SDKROOT = auto;
				SUPPORTED_PLATFORMS = "iphoneos iphonesimulator";
				SUPPORTS_MACCATALYST = NO;
				SWIFT_EMIT_LOC_STRINGS = YES;
				SWIFT_VERSION = 5.0;
				TARGETED_DEVICE_FAMILY = 1;
				XROS_DEPLOYMENT_TARGET = 2.5;
			};
			name = Debug;
		};
		AF2B20342E427806004C142D /* Release */ = {
			isa = XCBuildConfiguration;
			buildSettings = {
				ASSETCATALOG_COMPILER_APPICON_NAME = AppIcon;
				ASSETCATALOG_COMPILER_GLOBAL_ACCENT_COLOR_NAME = AccentColor;
				CODE_SIGN_ENTITLEMENTS = FigmaProject/FigmaProject.entitlements;
				CODE_SIGN_STYLE = Automatic;
				CURRENT_PROJECT_VERSION = 1;
				ENABLE_PREVIEWS = YES;
				GENERATE_INFOPLIST_FILE = YES;
				INFOPLIST_FILE = FigmaProject/Info.plist;
				"INFOPLIST_KEY_UIApplicationSceneManifest_Generation[sdk=iphoneos*]" = YES;
				"INFOPLIST_KEY_UIApplicationSceneManifest_Generation[sdk=iphonesimulator*]" = YES;
				"INFOPLIST_KEY_UIApplicationSupportsIndirectInputEvents[sdk=iphoneos*]" = YES;
				"INFOPLIST_KEY_UIApplicationSupportsIndirectInputEvents[sdk=iphonesimulator*]" = YES;
				"INFOPLIST_KEY_UILaunchScreen_Generation[sdk=iphoneos*]" = YES;
				"INFOPLIST_KEY_UILaunchScreen_Generation[sdk=iphonesimulator*]" = YES;
				"INFOPLIST_KEY_UIStatusBarStyle[sdk=iphoneos*]" = UIStatusBarStyleDefault;
				"INFOPLIST_KEY_UIStatusBarStyle[sdk=iphonesimulator*]" = UIStatusBarStyleDefault;
				INFOPLIST_KEY_UISupportedInterfaceOrientations_iPad = "UIInterfaceOrientationPortrait UIInterfaceOrientationPortraitUpsideDown UIInterfaceOrientationLandscapeLeft UIInterfaceOrientationLandscapeRight";
				INFOPLIST_KEY_UISupportedInterfaceOrientations_iPhone = "UIInterfaceOrientationPortrait UIInterfaceOrientationLandscapeLeft UIInterfaceOrientationLandscapeRight";
				IPHONEOS_DEPLOYMENT_TARGET = 18.5;
				LD_RUNPATH_SEARCH_PATHS = "@executable_path/Frameworks";
				"LD_RUNPATH_SEARCH_PATHS[sdk=macosx*]" = "@executable_path/../Frameworks";
				MACOSX_DEPLOYMENT_TARGET = 15.5;
				MARKETING_VERSION = 1.0;
				PRODUCT_BUNDLE_IDENTIFIER = sarpugrasiz.FigmaProject;
				PRODUCT_NAME = "$(TARGET_NAME)";
				REGISTER_APP_GROUPS = YES;
				SDKROOT = auto;
				SUPPORTED_PLATFORMS = "iphoneos iphonesimulator";
				SUPPORTS_MACCATALYST = NO;
				SWIFT_EMIT_LOC_STRINGS = YES;
				SWIFT_VERSION = 5.0;
				TARGETED_DEVICE_FAMILY = 1;
				XROS_DEPLOYMENT_TARGET = 2.5;
			};
			name = Release;
		};
		AF2B20362E427806004C142D /* Debug */ = {
			isa = XCBuildConfiguration;
			buildSettings = {
				BUNDLE_LOADER = "$(TEST_HOST)";
				CODE_SIGN_STYLE = Automatic;
				CURRENT_PROJECT_VERSION = 1;
				GENERATE_INFOPLIST_FILE = YES;
				IPHONEOS_DEPLOYMENT_TARGET = 18.5;
				MACOSX_DEPLOYMENT_TARGET = 15.5;
				MARKETING_VERSION = 1.0;
				PRODUCT_BUNDLE_IDENTIFIER = sarpugrasiz.FigmaProjectTests;
				PRODUCT_NAME = "$(TARGET_NAME)";
				SDKROOT = auto;
				SUPPORTED_PLATFORMS = "iphoneos iphonesimulator macosx xros xrsimulator";
				SWIFT_EMIT_LOC_STRINGS = NO;
				SWIFT_VERSION = 5.0;
				TARGETED_DEVICE_FAMILY = "1,2,7";
				TEST_HOST = "$(BUILT_PRODUCTS_DIR)/FigmaProject.app/$(BUNDLE_EXECUTABLE_FOLDER_PATH)/FigmaProject";
				XROS_DEPLOYMENT_TARGET = 2.5;
			};
			name = Debug;
		};
		AF2B20372E427806004C142D /* Release */ = {
			isa = XCBuildConfiguration;
			buildSettings = {
				BUNDLE_LOADER = "$(TEST_HOST)";
				CODE_SIGN_STYLE = Automatic;
				CURRENT_PROJECT_VERSION = 1;
				GENERATE_INFOPLIST_FILE = YES;
				IPHONEOS_DEPLOYMENT_TARGET = 18.5;
				MACOSX_DEPLOYMENT_TARGET = 15.5;
				MARKETING_VERSION = 1.0;
				PRODUCT_BUNDLE_IDENTIFIER = sarpugrasiz.FigmaProjectTests;
				PRODUCT_NAME = "$(TARGET_NAME)";
				SDKROOT = auto;
				SUPPORTED_PLATFORMS = "iphoneos iphonesimulator macosx xros xrsimulator";
				SWIFT_EMIT_LOC_STRINGS = NO;
				SWIFT_VERSION = 5.0;
				TARGETED_DEVICE_FAMILY = "1,2,7";
				TEST_HOST = "$(BUILT_PRODUCTS_DIR)/FigmaProject.app/$(BUNDLE_EXECUTABLE_FOLDER_PATH)/FigmaProject";
				XROS_DEPLOYMENT_TARGET = 2.5;
			};
			name = Release;
		};
		AF2B20392E427806004C142D /* Debug */ = {
			isa = XCBuildConfiguration;
			buildSettings = {
				CODE_SIGN_STYLE = Automatic;
				CURRENT_PROJECT_VERSION = 1;
				GENERATE_INFOPLIST_FILE = YES;
				IPHONEOS_DEPLOYMENT_TARGET = 18.5;
				MACOSX_DEPLOYMENT_TARGET = 15.5;
				MARKETING_VERSION = 1.0;
				PRODUCT_BUNDLE_IDENTIFIER = sarpugrasiz.FigmaProjectUITests;
				PRODUCT_NAME = "$(TARGET_NAME)";
				SDKROOT = auto;
				SUPPORTED_PLATFORMS = "iphoneos iphonesimulator macosx xros xrsimulator";
				SWIFT_EMIT_LOC_STRINGS = NO;
				SWIFT_VERSION = 5.0;
				TARGETED_DEVICE_FAMILY = "1,2,7";
				TEST_TARGET_NAME = FigmaProject;
				XROS_DEPLOYMENT_TARGET = 2.5;
			};
			name = Debug;
		};
		AF2B203A2E427806004C142D /* Release */ = {
			isa = XCBuildConfiguration;
			buildSettings = {
				CODE_SIGN_STYLE = Automatic;
				CURRENT_PROJECT_VERSION = 1;
				GENERATE_INFOPLIST_FILE = YES;
				IPHONEOS_DEPLOYMENT_TARGET = 18.5;
				MACOSX_DEPLOYMENT_TARGET = 15.5;
				MARKETING_VERSION = 1.0;
				PRODUCT_BUNDLE_IDENTIFIER = sarpugrasiz.FigmaProjectUITests;
				PRODUCT_NAME = "$(TARGET_NAME)";
				SDKROOT = auto;
				SUPPORTED_PLATFORMS = "iphoneos iphonesimulator macosx xros xrsimulator";
				SWIFT_EMIT_LOC_STRINGS = NO;
				SWIFT_VERSION = 5.0;
				TARGETED_DEVICE_FAMILY = "1,2,7";
				TEST_TARGET_NAME = FigmaProject;
				XROS_DEPLOYMENT_TARGET = 2.5;
			};
			name = Release;
		};
/* End XCBuildConfiguration section */

/* Begin XCConfigurationList section */
		AF2B20062E427804004C142D /* Build configuration list for PBXProject "FigmaProject" */ = {
			isa = XCConfigurationList;
			buildConfigurations = (
				AF2B20302E427806004C142D /* Debug */,
				AF2B20312E427806004C142D /* Release */,
			);
			defaultConfigurationIsVisible = 0;
			defaultConfigurationName = Release;
		};
		AF2B20322E427806004C142D /* Build configuration list for PBXNativeTarget "FigmaProject" */ = {
			isa = XCConfigurationList;
			buildConfigurations = (
				AF2B20332E427806004C142D /* Debug */,
				AF2B20342E427806004C142D /* Release */,
			);
			defaultConfigurationIsVisible = 0;
			defaultConfigurationName = Release;
		};
		AF2B20352E427806004C142D /* Build configuration list for PBXNativeTarget "FigmaProjectTests" */ = {
			isa = XCConfigurationList;
			buildConfigurations = (
				AF2B20362E427806004C142D /* Debug */,
				AF2B20372E427806004C142D /* Release */,
			);
			defaultConfigurationIsVisible = 0;
			defaultConfigurationName = Release;
		};
		AF2B20382E427806004C142D /* Build configuration list for PBXNativeTarget "FigmaProjectUITests" */ = {
			isa = XCConfigurationList;
			buildConfigurations = (
				AF2B20392E427806004C142D /* Debug */,
				AF2B203A2E427806004C142D /* Release */,
			);
			defaultConfigurationIsVisible = 0;
			defaultConfigurationName = Release;
		};
/* End XCConfigurationList section */

/* Begin XCRemoteSwiftPackageReference section */
		AF2B203F2E4E6BB2004C142D /* XCRemoteSwiftPackageReference "firebase-ios-sdk" */ = {
			isa = XCRemoteSwiftPackageReference;
			repositoryURL = "https://github.com/firebase/firebase-ios-sdk";
			requirement = {
				kind = upToNextMajorVersion;
				minimumVersion = 12.1.0;
			};
		};
/* End XCRemoteSwiftPackageReference section */

/* Begin XCSwiftPackageProductDependency section */
		AF2B20402E4E6BB2004C142D /* FirebaseAI */ = {
			isa = XCSwiftPackageProductDependency;
			package = AF2B203F2E4E6BB2004C142D /* XCRemoteSwiftPackageReference "firebase-ios-sdk" */;
			productName = FirebaseAI;
		};
		AF2B20422E4E6BB2004C142D /* FirebaseAnalytics */ = {
			isa = XCSwiftPackageProductDependency;
			package = AF2B203F2E4E6BB2004C142D /* XCRemoteSwiftPackageReference "firebase-ios-sdk" */;
			productName = FirebaseAnalytics;
		};
		AF2B20442E4E6BB2004C142D /* FirebaseAnalyticsCore */ = {
			isa = XCSwiftPackageProductDependency;
			package = AF2B203F2E4E6BB2004C142D /* XCRemoteSwiftPackageReference "firebase-ios-sdk" */;
			productName = FirebaseAnalyticsCore;
		};
		AF2B20462E4E6BB2004C142D /* FirebaseAnalyticsIdentitySupport */ = {
			isa = XCSwiftPackageProductDependency;
			package = AF2B203F2E4E6BB2004C142D /* XCRemoteSwiftPackageReference "firebase-ios-sdk" */;
			productName = FirebaseAnalyticsIdentitySupport;
		};
		AF2B20482E4E6BB2004C142D /* FirebaseAppCheck */ = {
			isa = XCSwiftPackageProductDependency;
			package = AF2B203F2E4E6BB2004C142D /* XCRemoteSwiftPackageReference "firebase-ios-sdk" */;
			productName = FirebaseAppCheck;
		};
		AF2B204A2E4E6BB2004C142D /* FirebaseAppDistribution-Beta */ = {
			isa = XCSwiftPackageProductDependency;
			package = AF2B203F2E4E6BB2004C142D /* XCRemoteSwiftPackageReference "firebase-ios-sdk" */;
			productName = "FirebaseAppDistribution-Beta";
		};
		AF2B204C2E4E6BB2004C142D /* FirebaseAuth */ = {
			isa = XCSwiftPackageProductDependency;
			package = AF2B203F2E4E6BB2004C142D /* XCRemoteSwiftPackageReference "firebase-ios-sdk" */;
			productName = FirebaseAuth;
		};
		AF2B204E2E4E6BB2004C142D /* FirebaseAuthCombine-Community */ = {
			isa = XCSwiftPackageProductDependency;
			package = AF2B203F2E4E6BB2004C142D /* XCRemoteSwiftPackageReference "firebase-ios-sdk" */;
			productName = "FirebaseAuthCombine-Community";
		};
		AF2B20502E4E6BB2004C142D /* FirebaseCore */ = {
			isa = XCSwiftPackageProductDependency;
			package = AF2B203F2E4E6BB2004C142D /* XCRemoteSwiftPackageReference "firebase-ios-sdk" */;
			productName = FirebaseCore;
		};
		AF2B20522E4E6BB2004C142D /* FirebaseCrashlytics */ = {
			isa = XCSwiftPackageProductDependency;
			package = AF2B203F2E4E6BB2004C142D /* XCRemoteSwiftPackageReference "firebase-ios-sdk" */;
			productName = FirebaseCrashlytics;
		};
		AF2B20542E4E6BB2004C142D /* FirebaseDatabase */ = {
			isa = XCSwiftPackageProductDependency;
			package = AF2B203F2E4E6BB2004C142D /* XCRemoteSwiftPackageReference "firebase-ios-sdk" */;
			productName = FirebaseDatabase;
		};
		AF2B20562E4E6BB2004C142D /* FirebaseFirestore */ = {
			isa = XCSwiftPackageProductDependency;
			package = AF2B203F2E4E6BB2004C142D /* XCRemoteSwiftPackageReference "firebase-ios-sdk" */;
			productName = FirebaseFirestore;
		};
		AF2B20582E4E6BB2004C142D /* FirebaseFirestoreCombine-Community */ = {
			isa = XCSwiftPackageProductDependency;
			package = AF2B203F2E4E6BB2004C142D /* XCRemoteSwiftPackageReference "firebase-ios-sdk" */;
			productName = "FirebaseFirestoreCombine-Community";
		};
		AF2B205A2E4E6BB2004C142D /* FirebaseFunctions */ = {
			isa = XCSwiftPackageProductDependency;
			package = AF2B203F2E4E6BB2004C142D /* XCRemoteSwiftPackageReference "firebase-ios-sdk" */;
			productName = FirebaseFunctions;
		};
		AF2B205C2E4E6BB2004C142D /* FirebaseFunctionsCombine-Community */ = {
			isa = XCSwiftPackageProductDependency;
			package = AF2B203F2E4E6BB2004C142D /* XCRemoteSwiftPackageReference "firebase-ios-sdk" */;
			productName = "FirebaseFunctionsCombine-Community";
		};
		AF2B205E2E4E6BB2004C142D /* FirebaseInAppMessaging-Beta */ = {
			isa = XCSwiftPackageProductDependency;
			package = AF2B203F2E4E6BB2004C142D /* XCRemoteSwiftPackageReference "firebase-ios-sdk" */;
			productName = "FirebaseInAppMessaging-Beta";
		};
		AF2B20602E4E6BB2004C142D /* FirebaseInstallations */ = {
			isa = XCSwiftPackageProductDependency;
			package = AF2B203F2E4E6BB2004C142D /* XCRemoteSwiftPackageReference "firebase-ios-sdk" */;
			productName = FirebaseInstallations;
		};
		AF2B20622E4E6BB2004C142D /* FirebaseMLModelDownloader */ = {
			isa = XCSwiftPackageProductDependency;
			package = AF2B203F2E4E6BB2004C142D /* XCRemoteSwiftPackageReference "firebase-ios-sdk" */;
			productName = FirebaseMLModelDownloader;
		};
		AF2B20642E4E6BB2004C142D /* FirebaseMessaging */ = {
			isa = XCSwiftPackageProductDependency;
			package = AF2B203F2E4E6BB2004C142D /* XCRemoteSwiftPackageReference "firebase-ios-sdk" */;
			productName = FirebaseMessaging;
		};
		AF2B20662E4E6BB2004C142D /* FirebasePerformance */ = {
			isa = XCSwiftPackageProductDependency;
			package = AF2B203F2E4E6BB2004C142D /* XCRemoteSwiftPackageReference "firebase-ios-sdk" */;
			productName = FirebasePerformance;
		};
		AF2B20682E4E6BB2004C142D /* FirebaseRemoteConfig */ = {
			isa = XCSwiftPackageProductDependency;
			package = AF2B203F2E4E6BB2004C142D /* XCRemoteSwiftPackageReference "firebase-ios-sdk" */;
			productName = FirebaseRemoteConfig;
		};
		AF2B206A2E4E6BB2004C142D /* FirebaseStorage */ = {
			isa = XCSwiftPackageProductDependency;
			package = AF2B203F2E4E6BB2004C142D /* XCRemoteSwiftPackageReference "firebase-ios-sdk" */;
			productName = FirebaseStorage;
		};
		AF2B206C2E4E6BB2004C142D /* FirebaseStorageCombine-Community */ = {
			isa = XCSwiftPackageProductDependency;
			package = AF2B203F2E4E6BB2004C142D /* XCRemoteSwiftPackageReference "firebase-ios-sdk" */;
			productName = "FirebaseStorageCombine-Community";
		};
/* End XCSwiftPackageProductDependency section */
	};
	rootObject = AF2B20032E427804004C142D /* Project object */;
}
